
Microsoft Visual Studio Solution File, Format Version 12.00
# Visual Studio Version 17
VisualStudioVersion = 17.9.34714.143
MinimumVisualStudioVersion = 10.0.40219.1
Project("{FAE04EC0-301F-11D3-BF4B-00C04F79EFBC}") = "AnimalAPI", "AnimalAPI\AnimalAPI.csproj", "{176611CA-8766-4155-8736-2E7D68B41609}"
EndProject
Global
	GlobalSection(SolutionConfigurationPlatforms) = preSolution
		Debug|Any CPU = Debug|Any CPU
		Release|Any CPU = Release|Any CPU
	EndGlobalSection
	GlobalSection(ProjectConfigurationPlatforms) = postSolution
		{176611CA-8766-4155-8736-2E7D68B41609}.Debug|Any CPU.ActiveCfg = Debug|Any CPU
		{176611CA-8766-4155-8736-2E7D68B41609}.Debug|Any CPU.Build.0 = Debug|Any CPU
		{176611CA-8766-4155-8736-2E7D68B41609}.Release|Any CPU.ActiveCfg = Release|Any CPU
		{176611CA-8766-4155-8736-2E7D68B41609}.Release|Any CPU.Build.0 = Release|Any CPU
	EndGlobalSection
	GlobalSection(SolutionProperties) = preSolution
		HideSolutionNode = FALSE
	EndGlobalSection
	GlobalSection(ExtensibilityGlobals) = postSolution
		SolutionGuid = {5E59C8B9-CE5D-4FB7-8607-428F8EB85BB4}
	EndGlobalSection
EndGlobal
